
Microsoft Visual Studio Solution File, Format Version 12.00
# Visual Studio 15
VisualStudioVersion = 15.0.27130.0
MinimumVisualStudioVersion = 10.0.40219.1
Project("{FAE04EC0-301F-11D3-BF4B-00C04F79EFBC}") = "Magasin De Photo", "Magasin De Photo\Magasin De Photo.csproj", "{131B9333-7759-4B6E-A261-B7ECAA4453B3}"
EndProject
Global
	GlobalSection(SolutionConfigurationPlatforms) = preSolution
		Debug|Any CPU = Debug|Any CPU
		Release|Any CPU = Release|Any CPU
	EndGlobalSection
	GlobalSection(ProjectConfigurationPlatforms) = postSolution
		{131B9333-7759-4B6E-A261-B7ECAA4453B3}.Debug|Any CPU.ActiveCfg = Debug|Any CPU
		{131B9333-7759-4B6E-A261-B7ECAA4453B3}.Debug|Any CPU.Build.0 = Debug|Any CPU
		{131B9333-7759-4B6E-A261-B7ECAA4453B3}.Release|Any CPU.ActiveCfg = Release|Any CPU
		{131B9333-7759-4B6E-A261-B7ECAA4453B3}.Release|Any CPU.Build.0 = Release|Any CPU
	EndGlobalSection
	GlobalSection(SolutionProperties) = preSolution
		HideSolutionNode = FALSE
	EndGlobalSection
	GlobalSection(ExtensibilityGlobals) = postSolution
		SolutionGuid = {0CD39B72-8F45-4682-9952-39D08423192D}
	EndGlobalSection
EndGlobal
